
Microsoft Visual Studio Solution File, Format Version 12.00
# Visual Studio 15
VisualStudioVersion = 15.0.26430.13
MinimumVisualStudioVersion = 10.0.40219.1
Project("{FAE04EC0-301F-11D3-BF4B-00C04F79EFBC}") = "Task5", "Task5\Task5.csproj", "{A9D475B7-7A5F-41F2-A32B-8989D3DBF919}"
EndProject
Global
	GlobalSection(SolutionConfigurationPlatforms) = preSolution
		Debug|Any CPU = Debug|Any CPU
		Release|Any CPU = Release|Any CPU
	EndGlobalSection
	GlobalSection(ProjectConfigurationPlatforms) = postSolution
		{A9D475B7-7A5F-41F2-A32B-8989D3DBF919}.Debug|Any CPU.ActiveCfg = Debug|Any CPU
		{A9D475B7-7A5F-41F2-A32B-8989D3DBF919}.Debug|Any CPU.Build.0 = Debug|Any CPU
		{A9D475B7-7A5F-41F2-A32B-8989D3DBF919}.Release|Any CPU.ActiveCfg = Release|Any CPU
		{A9D475B7-7A5F-41F2-A32B-8989D3DBF919}.Release|Any CPU.Build.0 = Release|Any CPU
	EndGlobalSection
	GlobalSection(SolutionProperties) = preSolution
		HideSolutionNode = FALSE
	EndGlobalSection
EndGlobal
